dependencies:
- name: postgresql
  repository: https://charts.bitnami.com/bitnami
  version: 16.6.6
- name: opentelemetry-collector
  repository: https://open-telemetry.github.io/opentelemetry-helm-charts
  version: 0.122.5
- name: tempo
  repository: https://grafana.github.io/helm-charts
  version: 1.21.0
- name: loki
  repository: https://grafana.github.io/helm-charts
  version: 6.29.0
- name: prometheus
  repository: https://prometheus-community.github.io/helm-charts
  version: 27.12.0
- name: grafana
  repository: https://grafana.github.io/helm-charts
  version: 8.14.2
- name: application
  repository: https://stakater.github.io/stakater-charts
  version: 6.0.3
- name: application
  repository: https://stakater.github.io/stakater-charts
  version: 6.0.3
- name: application
  repository: https://stakater.github.io/stakater-charts
  version: 6.0.3
digest: sha256:2713692ce668d453521f1649e979ac5f2311c2ce02a44173425ecec7e1a5db68
generated: "2025-05-04T18:24:22.900960201Z"
