dependencies:
- name: postgresql
  repository: https://charts.bitnami.com/bitnami
  version: 16.7.8
- name: opentelemetry-collector
  repository: https://open-telemetry.github.io/opentelemetry-helm-charts
  version: 0.126.0
- name: tempo
  repository: https://grafana.github.io/helm-charts
  version: 1.21.1
- name: loki
  repository: https://grafana.github.io/helm-charts
  version: 6.30.1
- name: prometheus
  repository: https://prometheus-community.github.io/helm-charts
  version: 27.16.0
- name: grafana
  repository: https://grafana.github.io/helm-charts
  version: 9.2.1
- name: application
  repository: https://stakater.github.io/stakater-charts
  version: 6.2.0
- name: application
  repository: https://stakater.github.io/stakater-charts
  version: 6.2.0
- name: application
  repository: https://stakater.github.io/stakater-charts
  version: 6.2.0
digest: sha256:e92050c78c51197d325fe0696ea1dab48c137af422e112cd9fd910033aba4a6c
generated: "2025-05-30T21:26:17.631796195Z"
