dependencies:
- name: postgresql
  repository: https://charts.bitnami.com/bitnami
  version: 16.7.18
- name: opentelemetry-collector
  repository: https://open-telemetry.github.io/opentelemetry-helm-charts
  version: 0.127.2
- name: tempo
  repository: https://grafana.github.io/helm-charts
  version: 1.23.2
- name: loki
  repository: https://grafana.github.io/helm-charts
  version: 6.30.1
- name: prometheus
  repository: https://prometheus-community.github.io/helm-charts
  version: 27.25.0
- name: grafana
  repository: https://grafana.github.io/helm-charts
  version: 9.2.10
- name: application
  repository: https://stakater.github.io/stakater-charts
  version: 6.2.1
- name: application
  repository: https://stakater.github.io/stakater-charts
  version: 6.2.1
- name: application
  repository: https://stakater.github.io/stakater-charts
  version: 6.2.1
digest: sha256:8b25eaf5c475d2bdc8ee17126955e2c843508ede03beef4447dfaedfb8c86b14
generated: "2025-07-15T15:40:13.019163334Z"
